
Microsoft Visual Studio Solution File, Format Version 12.00
# Visual Studio Version 16
VisualStudioVersion = 16.0.31624.102
MinimumVisualStudioVersion = 10.0.40219.1
Project("{FAE04EC0-301F-11D3-BF4B-00C04F79EFBC}") = "VladimirRadchenkov", "VladimirRadchenkov\VladimirRadchenkov.csproj", "{C9BF0E21-5D96-48A2-AC20-52926470BB3C}"
EndProject
Project("{FAE04EC0-301F-11D3-BF4B-00C04F79EFBC}") = "RadchenkovVladimir", "RadchenkovVladimir\RadchenkovVladimir.csproj", "{F89C2759-CD79-479F-88AF-1BE2532B3930}"
EndProject
Global
	GlobalSection(SolutionConfigurationPlatforms) = preSolution
		Debug|Any CPU = Debug|Any CPU
		Release|Any CPU = Release|Any CPU
	EndGlobalSection
	GlobalSection(ProjectConfigurationPlatforms) = postSolution
		{C9BF0E21-5D96-48A2-AC20-52926470BB3C}.Debug|Any CPU.ActiveCfg = Debug|Any CPU
		{C9BF0E21-5D96-48A2-AC20-52926470BB3C}.Debug|Any CPU.Build.0 = Debug|Any CPU
		{C9BF0E21-5D96-48A2-AC20-52926470BB3C}.Release|Any CPU.ActiveCfg = Release|Any CPU
		{C9BF0E21-5D96-48A2-AC20-52926470BB3C}.Release|Any CPU.Build.0 = Release|Any CPU
		{F89C2759-CD79-479F-88AF-1BE2532B3930}.Debug|Any CPU.ActiveCfg = Debug|Any CPU
		{F89C2759-CD79-479F-88AF-1BE2532B3930}.Debug|Any CPU.Build.0 = Debug|Any CPU
		{F89C2759-CD79-479F-88AF-1BE2532B3930}.Release|Any CPU.ActiveCfg = Release|Any CPU
		{F89C2759-CD79-479F-88AF-1BE2532B3930}.Release|Any CPU.Build.0 = Release|Any CPU
	EndGlobalSection
	GlobalSection(SolutionProperties) = preSolution
		HideSolutionNode = FALSE
	EndGlobalSection
	GlobalSection(ExtensibilityGlobals) = postSolution
		SolutionGuid = {D5FAC97B-884A-4402-803F-B9F4160B5E22}
	EndGlobalSection
EndGlobal
